
Microsoft Visual Studio Solution File, Format Version 12.00
# Visual Studio Version 17
VisualStudioVersion = 17.4.33205.214
MinimumVisualStudioVersion = 10.0.40219.1
Project("{9A19103F-16F7-4668-BE54-9A1E7A4F7556}") = "RandomRecipes.Domain", "Core\RandomRecipes.Domain\RandomRecipes.Domain.csproj", "{D9E8E840-6E36-409D-897E-CD4A3B201973}"
EndProject
Project("{2150E333-8FDC-42A3-9474-1A3956D46DE8}") = "Core", "Core", "{7E935C53-7029-461B-80BE-067195D16301}"
EndProject
Project("{9A19103F-16F7-4668-BE54-9A1E7A4F7556}") = "RandomRecipes.Data", "Core\RandomRecipes.Data\RandomRecipes.Data.csproj", "{F2A93631-EE15-444A-9704-59B8A924EC0C}"
EndProject
Project("{2150E333-8FDC-42A3-9474-1A3956D46DE8}") = "Infrastructure", "Infrastructure", "{48288F8B-5EDB-453D-B361-2C8C77C5565C}"
EndProject
Project("{9A19103F-16F7-4668-BE54-9A1E7A4F7556}") = "Tester", "Tester\Tester.csproj", "{F22D43E7-DD41-476F-865B-036537BF7052}"
EndProject
Project("{9A19103F-16F7-4668-BE54-9A1E7A4F7556}") = "RandomRecipes.DAL", "Infrastructure\RandomRecipes.DAL\RandomRecipes.DAL.csproj", "{A17CEC74-F18D-4475-9DC0-BF175AEB7261}"
EndProject
Global
	GlobalSection(SolutionConfigurationPlatforms) = preSolution
		Debug|Any CPU = Debug|Any CPU
		Release|Any CPU = Release|Any CPU
	EndGlobalSection
	GlobalSection(ProjectConfigurationPlatforms) = postSolution
		{D9E8E840-6E36-409D-897E-CD4A3B201973}.Debug|Any CPU.ActiveCfg = Debug|Any CPU
		{D9E8E840-6E36-409D-897E-CD4A3B201973}.Debug|Any CPU.Build.0 = Debug|Any CPU
		{D9E8E840-6E36-409D-897E-CD4A3B201973}.Release|Any CPU.ActiveCfg = Release|Any CPU
		{D9E8E840-6E36-409D-897E-CD4A3B201973}.Release|Any CPU.Build.0 = Release|Any CPU
		{F2A93631-EE15-444A-9704-59B8A924EC0C}.Debug|Any CPU.ActiveCfg = Debug|Any CPU
		{F2A93631-EE15-444A-9704-59B8A924EC0C}.Debug|Any CPU.Build.0 = Debug|Any CPU
		{F2A93631-EE15-444A-9704-59B8A924EC0C}.Release|Any CPU.ActiveCfg = Release|Any CPU
		{F2A93631-EE15-444A-9704-59B8A924EC0C}.Release|Any CPU.Build.0 = Release|Any CPU
		{F22D43E7-DD41-476F-865B-036537BF7052}.Debug|Any CPU.ActiveCfg = Debug|Any CPU
		{F22D43E7-DD41-476F-865B-036537BF7052}.Debug|Any CPU.Build.0 = Debug|Any CPU
		{F22D43E7-DD41-476F-865B-036537BF7052}.Release|Any CPU.ActiveCfg = Release|Any CPU
		{F22D43E7-DD41-476F-865B-036537BF7052}.Release|Any CPU.Build.0 = Release|Any CPU
		{A17CEC74-F18D-4475-9DC0-BF175AEB7261}.Debug|Any CPU.ActiveCfg = Debug|Any CPU
		{A17CEC74-F18D-4475-9DC0-BF175AEB7261}.Debug|Any CPU.Build.0 = Debug|Any CPU
		{A17CEC74-F18D-4475-9DC0-BF175AEB7261}.Release|Any CPU.ActiveCfg = Release|Any CPU
		{A17CEC74-F18D-4475-9DC0-BF175AEB7261}.Release|Any CPU.Build.0 = Release|Any CPU
	EndGlobalSection
	GlobalSection(SolutionProperties) = preSolution
		HideSolutionNode = FALSE
	EndGlobalSection
	GlobalSection(NestedProjects) = preSolution
		{D9E8E840-6E36-409D-897E-CD4A3B201973} = {7E935C53-7029-461B-80BE-067195D16301}
		{F2A93631-EE15-444A-9704-59B8A924EC0C} = {7E935C53-7029-461B-80BE-067195D16301}
		{A17CEC74-F18D-4475-9DC0-BF175AEB7261} = {48288F8B-5EDB-453D-B361-2C8C77C5565C}
	EndGlobalSection
	GlobalSection(ExtensibilityGlobals) = postSolution
		SolutionGuid = {B4552B61-4B95-4CC2-ABA4-7E13BA2E3E8E}
	EndGlobalSection
EndGlobal
